{
  "name": "zenn-docs",
  "version": "1.0.0",
  "lockfileVersion": 1,
  "requires": true,
  "dependencies": {
    "zenn-cli": {
      "version": "0.1.125",
      "resolved": "https://registry.npmjs.org/zenn-cli/-/zenn-cli-0.1.125.tgz",
      "integrity": "sha512-ChV53yyQOltSIAbp+yjNSuloFbwNjlQtp0YfnLzIpqlnV1bdj0QgJtTSvVoC1LGcfa4cDGciR5d/pu/Si2WCbw=="
    }
  }
}
